{
  "name": "wolfcito-push-components",
  "version": "0.0.1",
  "lockfileVersion": 2,
  "requires": true,
  "packages": {
    "": {
      "name": "wolfcito-push-components",
      "version": "0.0.1",
      "license": "MIT",
      "bin": {
        "wolfcito-push-components": "init.js"
      }
    }
  }
}
